
Microsoft Visual Studio Solution File, Format Version 12.00
# Visual Studio Version 17
VisualStudioVersion = 17.5.002.0
MinimumVisualStudioVersion = 10.0.40219.1
Project("{9A19103F-16F7-4668-BE54-9A1E7A4F7556}") = "webapp-sam-lab13", "webapp-sam-lab13.csproj", "{729D8CD6-D148-4D37-AD66-C88ED72917A1}"
EndProject
Global
	GlobalSection(SolutionConfigurationPlatforms) = preSolution
		Debug|Any CPU = Debug|Any CPU
		Release|Any CPU = Release|Any CPU
	EndGlobalSection
	GlobalSection(ProjectConfigurationPlatforms) = postSolution
		{729D8CD6-D148-4D37-AD66-C88ED72917A1}.Debug|Any CPU.ActiveCfg = Debug|Any CPU
		{729D8CD6-D148-4D37-AD66-C88ED72917A1}.Debug|Any CPU.Build.0 = Debug|Any CPU
		{729D8CD6-D148-4D37-AD66-C88ED72917A1}.Release|Any CPU.ActiveCfg = Release|Any CPU
		{729D8CD6-D148-4D37-AD66-C88ED72917A1}.Release|Any CPU.Build.0 = Release|Any CPU
	EndGlobalSection
	GlobalSection(SolutionProperties) = preSolution
		HideSolutionNode = FALSE
	EndGlobalSection
	GlobalSection(ExtensibilityGlobals) = postSolution
		SolutionGuid = {FE898766-DB72-468A-9958-0CF497F75941}
	EndGlobalSection
EndGlobal
